
Microsoft Visual Studio Solution File, Format Version 12.00
# Visual Studio Version 16
VisualStudioVersion = 16.0.30011.22
MinimumVisualStudioVersion = 10.0.40219.1
Project("{FAE04EC0-301F-11D3-BF4B-00C04F79EFBC}") = "AnomonlyDetectionConsoleApp", "AnomonlyDetectionConsoleApp\AnomonlyDetectionConsoleApp.csproj", "{0E811FCB-C536-4556-ADF8-2BED35419010}"
EndProject
Global
	GlobalSection(SolutionConfigurationPlatforms) = preSolution
		Debug|Any CPU = Debug|Any CPU
		Release|Any CPU = Release|Any CPU
	EndGlobalSection
	GlobalSection(ProjectConfigurationPlatforms) = postSolution
		{0E811FCB-C536-4556-ADF8-2BED35419010}.Debug|Any CPU.ActiveCfg = Debug|Any CPU
		{0E811FCB-C536-4556-ADF8-2BED35419010}.Debug|Any CPU.Build.0 = Debug|Any CPU
		{0E811FCB-C536-4556-ADF8-2BED35419010}.Release|Any CPU.ActiveCfg = Release|Any CPU
		{0E811FCB-C536-4556-ADF8-2BED35419010}.Release|Any CPU.Build.0 = Release|Any CPU
	EndGlobalSection
	GlobalSection(SolutionProperties) = preSolution
		HideSolutionNode = FALSE
	EndGlobalSection
	GlobalSection(ExtensibilityGlobals) = postSolution
		SolutionGuid = {D56372C7-2E03-41AF-BF3D-A24E8572D2AD}
	EndGlobalSection
EndGlobal
